
Microsoft Visual Studio Solution File, Format Version 12.00
# Visual Studio Version 17
VisualStudioVersion = 17.11.35312.102
MinimumVisualStudioVersion = 10.0.40219.1
Project("{FAE04EC0-301F-11D3-BF4B-00C04F79EFBC}") = "ActorCrab", "ActorCrab.csproj", "{4A0C5D46-8604-4834-8768-1DC28CD7A1C5}"
EndProject
Project("{FAE04EC0-301F-11D3-BF4B-00C04F79EFBC}") = "MonoLibrary", "..\MonoLibrary\MonoLibrary.csproj", "{4F638745-0D6A-49BD-B6AC-51042DA7D52A}"
EndProject
Global
	GlobalSection(SolutionConfigurationPlatforms) = preSolution
		Debug|Any CPU = Debug|Any CPU
		Release|Any CPU = Release|Any CPU
	EndGlobalSection
	GlobalSection(ProjectConfigurationPlatforms) = postSolution
		{4A0C5D46-8604-4834-8768-1DC28CD7A1C5}.Debug|Any CPU.ActiveCfg = Debug|Any CPU
		{4A0C5D46-8604-4834-8768-1DC28CD7A1C5}.Debug|Any CPU.Build.0 = Debug|Any CPU
		{4A0C5D46-8604-4834-8768-1DC28CD7A1C5}.Release|Any CPU.ActiveCfg = Release|Any CPU
		{4A0C5D46-8604-4834-8768-1DC28CD7A1C5}.Release|Any CPU.Build.0 = Release|Any CPU
		{4F638745-0D6A-49BD-B6AC-51042DA7D52A}.Debug|Any CPU.ActiveCfg = Debug|Any CPU
		{4F638745-0D6A-49BD-B6AC-51042DA7D52A}.Debug|Any CPU.Build.0 = Debug|Any CPU
		{4F638745-0D6A-49BD-B6AC-51042DA7D52A}.Release|Any CPU.ActiveCfg = Release|Any CPU
		{4F638745-0D6A-49BD-B6AC-51042DA7D52A}.Release|Any CPU.Build.0 = Release|Any CPU
	EndGlobalSection
	GlobalSection(SolutionProperties) = preSolution
		HideSolutionNode = FALSE
	EndGlobalSection
	GlobalSection(ExtensibilityGlobals) = postSolution
		SolutionGuid = {0004139C-D14A-445C-8E7C-0481F92FBDCC}
	EndGlobalSection
EndGlobal
